
Microsoft Visual Studio Solution File, Format Version 12.00
# Visual Studio Version 17
VisualStudioVersion = 17.11.35222.181
MinimumVisualStudioVersion = 10.0.40219.1
Project("{8BC9CEB8-8B4A-11D0-8D11-00A0C91BC942}") = "C++ CODE", "C++ CODE\C++ CODE.vcxproj", "{63CBCF10-FAD8-40D4-B346-B7398DE04C1B}"
EndProject
Global
	GlobalSection(SolutionConfigurationPlatforms) = preSolution
		Debug|x64 = Debug|x64
		Debug|x86 = Debug|x86
		Release|x64 = Release|x64
		Release|x86 = Release|x86
	EndGlobalSection
	GlobalSection(ProjectConfigurationPlatforms) = postSolution
		{63CBCF10-FAD8-40D4-B346-B7398DE04C1B}.Debug|x64.ActiveCfg = Debug|x64
		{63CBCF10-FAD8-40D4-B346-B7398DE04C1B}.Debug|x64.Build.0 = Debug|x64
		{63CBCF10-FAD8-40D4-B346-B7398DE04C1B}.Debug|x86.ActiveCfg = Debug|Win32
		{63CBCF10-FAD8-40D4-B346-B7398DE04C1B}.Debug|x86.Build.0 = Debug|Win32
		{63CBCF10-FAD8-40D4-B346-B7398DE04C1B}.Release|x64.ActiveCfg = Release|x64
		{63CBCF10-FAD8-40D4-B346-B7398DE04C1B}.Release|x64.Build.0 = Release|x64
		{63CBCF10-FAD8-40D4-B346-B7398DE04C1B}.Release|x86.ActiveCfg = Release|Win32
		{63CBCF10-FAD8-40D4-B346-B7398DE04C1B}.Release|x86.Build.0 = Release|Win32
	EndGlobalSection
	GlobalSection(SolutionProperties) = preSolution
		HideSolutionNode = FALSE
	EndGlobalSection
	GlobalSection(ExtensibilityGlobals) = postSolution
		SolutionGuid = {4D1A9D5D-FB96-4063-859B-EA208D863E98}
	EndGlobalSection
EndGlobal
